
Microsoft Visual Studio Solution File, Format Version 12.00
# Visual Studio Version 17
VisualStudioVersion = 17.8.34330.188
MinimumVisualStudioVersion = 10.0.40219.1
Project("{FAE04EC0-301F-11D3-BF4B-00C04F79EFBC}") = "FetchUploadTool", "FetchUploadTool.csproj", "{B148E3A1-D00B-4441-84EE-EA2214AF0510}"
EndProject
Project("{54435603-DBB4-11D2-8724-00A0C9A8B90C}") = "Setup1", "..\Setup1\Setup1.vdproj", "{2D4B5CDC-BBAD-499C-BE05-FC27925FC034}"
EndProject
Global
	GlobalSection(SolutionConfigurationPlatforms) = preSolution
		Debug|Any CPU = Debug|Any CPU
		Release|Any CPU = Release|Any CPU
	EndGlobalSection
	GlobalSection(ProjectConfigurationPlatforms) = postSolution
		{B148E3A1-D00B-4441-84EE-EA2214AF0510}.Debug|Any CPU.ActiveCfg = Debug|Any CPU
		{B148E3A1-D00B-4441-84EE-EA2214AF0510}.Debug|Any CPU.Build.0 = Debug|Any CPU
		{B148E3A1-D00B-4441-84EE-EA2214AF0510}.Release|Any CPU.ActiveCfg = Release|Any CPU
		{B148E3A1-D00B-4441-84EE-EA2214AF0510}.Release|Any CPU.Build.0 = Release|Any CPU
		{2D4B5CDC-BBAD-499C-BE05-FC27925FC034}.Debug|Any CPU.ActiveCfg = Debug
		{2D4B5CDC-BBAD-499C-BE05-FC27925FC034}.Release|Any CPU.ActiveCfg = Release
	EndGlobalSection
	GlobalSection(SolutionProperties) = preSolution
		HideSolutionNode = FALSE
	EndGlobalSection
	GlobalSection(ExtensibilityGlobals) = postSolution
		SolutionGuid = {9A9C8068-60BF-41E1-B7F4-29D9F197C644}
	EndGlobalSection
EndGlobal
